{"is_source_file": false, "format": "", "description": "", "external_files": [], "external_methods": [], "published": [], "classes": [], "methods": [], "calls": [], "search-terms": [], "state": 2, "file_id": 9, "knowledge_revision": 24, "git_revision": "9d81ebcf0e29a28eb976516ba8f3b50e93371a22", "filename": "/home/kavia/workspace/code-generation/railconnect-india-5658-5688/railconnect_india/post_process_status.lock", "hash": "9c4ed7ef73e22b872b8055bec08b8979", "format-version": 4, "code-base-name": "default", "revision_history": [{"24": "9d81ebcf0e29a28eb976516ba8f3b50e93371a22"}]}